
Microsoft Visual Studio Solution File, Format Version 12.00
# Visual Studio Version 17
VisualStudioVersion = 17.13.35507.96
MinimumVisualStudioVersion = 10.0.40219.1
Project("{2150E333-8FDC-42A3-9474-1A3956D46DE8}") = "Solution Items", "Solution Items", "{8EC462FD-D22E-90A8-E5CE-7E832BA40C5D}"
	ProjectSection(SolutionItems) = preProject
		.gitignore = .gitignore
		README.md = README.md
	EndProjectSection
EndProject
Project("{2150E333-8FDC-42A3-9474-1A3956D46DE8}") = "src", "src", "{02EA681E-C7D8-13C7-8484-4AC65E1B71E8}"
EndProject
Project("{2150E333-8FDC-42A3-9474-1A3956D46DE8}") = "docs", "docs", "{821145E7-D27D-4B2E-A510-3EF4438072A3}"
	ProjectSection(SolutionItems) = preProject
		docs\ReadMe.md = docs\ReadMe.md
	EndProjectSection
EndProject
Project("{2150E333-8FDC-42A3-9474-1A3956D46DE8}") = "CS", "CS", "{DFABB73C-F282-42B7-A282-C768E51C12EE}"
EndProject
Project("{FAE04EC0-301F-11D3-BF4B-00C04F79EFBC}") = "AzOpenAIService", "src\CS\AzOpenAIService\AzOpenAIService.csproj", "{7D2A095C-FBDC-3E7D-1A5B-7E5B83B79C64}"
EndProject
Project("{FAE04EC0-301F-11D3-BF4B-00C04F79EFBC}") = "NLPAzAIService", "src\CS\NLPAzAIService\NLPAzAIService.csproj", "{B3F81348-5347-4884-9A2E-5B8D0EA19A3F}"
EndProject
Project("{FAE04EC0-301F-11D3-BF4B-00C04F79EFBC}") = "AzAIServicesCommon", "src\CS\AzAIServicesCommon\AzAIServicesCommon.csproj", "{BA66F550-84DD-49A2-A43A-D74F6475CFC0}"
EndProject
Project("{2150E333-8FDC-42A3-9474-1A3956D46DE8}") = "Data", "Data", "{D6CA0AD0-A810-4A7A-9CE8-76609E6C5326}"
EndProject
Project("{2150E333-8FDC-42A3-9474-1A3956D46DE8}") = "reviews", "reviews", "{416D3EDF-7FA8-49D0-B362-F4FDDA6D6E38}"
	ProjectSection(SolutionItems) = preProject
		src\Data\TextAnalysis\reviews\review1.txt = src\Data\TextAnalysis\reviews\review1.txt
		src\Data\TextAnalysis\reviews\review2.txt = src\Data\TextAnalysis\reviews\review2.txt
		src\Data\TextAnalysis\reviews\review3.txt = src\Data\TextAnalysis\reviews\review3.txt
		src\Data\TextAnalysis\reviews\review4.txt = src\Data\TextAnalysis\reviews\review4.txt
		src\Data\TextAnalysis\reviews\review5.txt = src\Data\TextAnalysis\reviews\review5.txt
	EndProjectSection
EndProject
Project("{2150E333-8FDC-42A3-9474-1A3956D46DE8}") = "Results", "Results", "{E3C40063-3186-46FF-A39D-6BB9CCC804D1}"
	ProjectSection(SolutionItems) = preProject
		src\Data\AOIResults\app.txt = src\Data\AOIResults\app.txt
	EndProjectSection
EndProject
Project("{2150E333-8FDC-42A3-9474-1A3956D46DE8}") = "PY", "PY", "{12EFF8CF-673C-43E9-AE3C-8EDE8775633B}"
EndProject
Project("{2150E333-8FDC-42A3-9474-1A3956D46DE8}") = "NLPAzAIService", "NLPAzAIService", "{FE8A96ED-9791-4235-A007-401743B589DB}"
EndProject
Project("{2150E333-8FDC-42A3-9474-1A3956D46DE8}") = "TextAnalysis", "TextAnalysis", "{49337F50-6C15-4A16-ACDF-392D93C368BB}"
EndProject
Project("{2150E333-8FDC-42A3-9474-1A3956D46DE8}") = "AOI", "AOI", "{C818C3D6-CED7-4FCB-A9A9-1FD39C3C0903}"
EndProject
Project("{2150E333-8FDC-42A3-9474-1A3956D46DE8}") = "sample-code", "sample-code", "{5856DCAC-8B74-41A1-80A0-B3DD74A9CFB4}"
EndProject
Project("{2150E333-8FDC-42A3-9474-1A3956D46DE8}") = "function", "function", "{D87856C5-5231-42AB-91C1-1C68ABC708B2}"
	ProjectSection(SolutionItems) = preProject
		src\Data\AOI\sample-code\function\function.cs = src\Data\AOI\sample-code\function\function.cs
		src\Data\AOI\sample-code\function\function.py = src\Data\AOI\sample-code\function\function.py
	EndProjectSection
EndProject
Project("{2150E333-8FDC-42A3-9474-1A3956D46DE8}") = "go-fish", "go-fish", "{6E6B879D-F447-4A12-93A7-4EBCD4206B27}"
EndProject
Project("{FAE04EC0-301F-11D3-BF4B-00C04F79EFBC}") = "CSharp", "src\Data\AOI\sample-code\go-fish\CSharp.csproj", "{E453CB28-7CC7-FE5B-7534-109A89BEC149}"
EndProject
Global
	GlobalSection(SolutionConfigurationPlatforms) = preSolution
		Debug|Any CPU = Debug|Any CPU
		Release|Any CPU = Release|Any CPU
	EndGlobalSection
	GlobalSection(ProjectConfigurationPlatforms) = postSolution
		{7D2A095C-FBDC-3E7D-1A5B-7E5B83B79C64}.Debug|Any CPU.ActiveCfg = Debug|Any CPU
		{7D2A095C-FBDC-3E7D-1A5B-7E5B83B79C64}.Debug|Any CPU.Build.0 = Debug|Any CPU
		{7D2A095C-FBDC-3E7D-1A5B-7E5B83B79C64}.Release|Any CPU.ActiveCfg = Release|Any CPU
		{7D2A095C-FBDC-3E7D-1A5B-7E5B83B79C64}.Release|Any CPU.Build.0 = Release|Any CPU
		{B3F81348-5347-4884-9A2E-5B8D0EA19A3F}.Debug|Any CPU.ActiveCfg = Debug|Any CPU
		{B3F81348-5347-4884-9A2E-5B8D0EA19A3F}.Debug|Any CPU.Build.0 = Debug|Any CPU
		{B3F81348-5347-4884-9A2E-5B8D0EA19A3F}.Release|Any CPU.ActiveCfg = Release|Any CPU
		{B3F81348-5347-4884-9A2E-5B8D0EA19A3F}.Release|Any CPU.Build.0 = Release|Any CPU
		{BA66F550-84DD-49A2-A43A-D74F6475CFC0}.Debug|Any CPU.ActiveCfg = Debug|Any CPU
		{BA66F550-84DD-49A2-A43A-D74F6475CFC0}.Debug|Any CPU.Build.0 = Debug|Any CPU
		{BA66F550-84DD-49A2-A43A-D74F6475CFC0}.Release|Any CPU.ActiveCfg = Release|Any CPU
		{BA66F550-84DD-49A2-A43A-D74F6475CFC0}.Release|Any CPU.Build.0 = Release|Any CPU
		{E453CB28-7CC7-FE5B-7534-109A89BEC149}.Debug|Any CPU.ActiveCfg = Debug|Any CPU
		{E453CB28-7CC7-FE5B-7534-109A89BEC149}.Debug|Any CPU.Build.0 = Debug|Any CPU
		{E453CB28-7CC7-FE5B-7534-109A89BEC149}.Release|Any CPU.ActiveCfg = Release|Any CPU
		{E453CB28-7CC7-FE5B-7534-109A89BEC149}.Release|Any CPU.Build.0 = Release|Any CPU
	EndGlobalSection
	GlobalSection(SolutionProperties) = preSolution
		HideSolutionNode = FALSE
	EndGlobalSection
	GlobalSection(NestedProjects) = preSolution
		{DFABB73C-F282-42B7-A282-C768E51C12EE} = {02EA681E-C7D8-13C7-8484-4AC65E1B71E8}
		{7D2A095C-FBDC-3E7D-1A5B-7E5B83B79C64} = {DFABB73C-F282-42B7-A282-C768E51C12EE}
		{B3F81348-5347-4884-9A2E-5B8D0EA19A3F} = {DFABB73C-F282-42B7-A282-C768E51C12EE}
		{BA66F550-84DD-49A2-A43A-D74F6475CFC0} = {DFABB73C-F282-42B7-A282-C768E51C12EE}
		{D6CA0AD0-A810-4A7A-9CE8-76609E6C5326} = {02EA681E-C7D8-13C7-8484-4AC65E1B71E8}
		{416D3EDF-7FA8-49D0-B362-F4FDDA6D6E38} = {49337F50-6C15-4A16-ACDF-392D93C368BB}
		{E3C40063-3186-46FF-A39D-6BB9CCC804D1} = {C818C3D6-CED7-4FCB-A9A9-1FD39C3C0903}
		{12EFF8CF-673C-43E9-AE3C-8EDE8775633B} = {02EA681E-C7D8-13C7-8484-4AC65E1B71E8}
		{FE8A96ED-9791-4235-A007-401743B589DB} = {12EFF8CF-673C-43E9-AE3C-8EDE8775633B}
		{49337F50-6C15-4A16-ACDF-392D93C368BB} = {D6CA0AD0-A810-4A7A-9CE8-76609E6C5326}
		{C818C3D6-CED7-4FCB-A9A9-1FD39C3C0903} = {D6CA0AD0-A810-4A7A-9CE8-76609E6C5326}
		{5856DCAC-8B74-41A1-80A0-B3DD74A9CFB4} = {C818C3D6-CED7-4FCB-A9A9-1FD39C3C0903}
		{D87856C5-5231-42AB-91C1-1C68ABC708B2} = {5856DCAC-8B74-41A1-80A0-B3DD74A9CFB4}
		{6E6B879D-F447-4A12-93A7-4EBCD4206B27} = {5856DCAC-8B74-41A1-80A0-B3DD74A9CFB4}
		{E453CB28-7CC7-FE5B-7534-109A89BEC149} = {6E6B879D-F447-4A12-93A7-4EBCD4206B27}
	EndGlobalSection
	GlobalSection(ExtensibilityGlobals) = postSolution
		SolutionGuid = {AFD12154-DC24-4166-9BDA-2EEF93FE97BE}
	EndGlobalSection
EndGlobal
